
Microsoft Visual Studio Solution File, Format Version 12.00
# Visual Studio Version 16
VisualStudioVersion = 16.0.31313.79
MinimumVisualStudioVersion = 10.0.40219.1
Project("{FAE04EC0-301F-11D3-BF4B-00C04F79EFBC}") = "Problem 14", "Problem 14.csproj", "{E6043729-7C35-4C4B-94AB-88FEEEBA7632}"
EndProject
Global
	GlobalSection(SolutionConfigurationPlatforms) = preSolution
		Debug|Any CPU = Debug|Any CPU
		Release|Any CPU = Release|Any CPU
	EndGlobalSection
	GlobalSection(ProjectConfigurationPlatforms) = postSolution
		{E6043729-7C35-4C4B-94AB-88FEEEBA7632}.Debug|Any CPU.ActiveCfg = Debug|Any CPU
		{E6043729-7C35-4C4B-94AB-88FEEEBA7632}.Debug|Any CPU.Build.0 = Debug|Any CPU
		{E6043729-7C35-4C4B-94AB-88FEEEBA7632}.Release|Any CPU.ActiveCfg = Release|Any CPU
		{E6043729-7C35-4C4B-94AB-88FEEEBA7632}.Release|Any CPU.Build.0 = Release|Any CPU
	EndGlobalSection
	GlobalSection(SolutionProperties) = preSolution
		HideSolutionNode = FALSE
	EndGlobalSection
	GlobalSection(ExtensibilityGlobals) = postSolution
		SolutionGuid = {518C638F-54D9-4846-9FBF-C9CB6E865885}
	EndGlobalSection
EndGlobal
