
Microsoft Visual Studio Solution File, Format Version 12.00
# Visual Studio Version 16
VisualStudioVersion = 16.0.31313.79
MinimumVisualStudioVersion = 10.0.40219.1
Project("{FAE04EC0-301F-11D3-BF4B-00C04F79EFBC}") = "Problem 2", "Problem 2.csproj", "{D04BD10E-EBAB-4EEF-AD93-4382683B4A8E}"
EndProject
Global
	GlobalSection(SolutionConfigurationPlatforms) = preSolution
		Debug|Any CPU = Debug|Any CPU
		Release|Any CPU = Release|Any CPU
	EndGlobalSection
	GlobalSection(ProjectConfigurationPlatforms) = postSolution
		{D04BD10E-EBAB-4EEF-AD93-4382683B4A8E}.Debug|Any CPU.ActiveCfg = Debug|Any CPU
		{D04BD10E-EBAB-4EEF-AD93-4382683B4A8E}.Debug|Any CPU.Build.0 = Debug|Any CPU
		{D04BD10E-EBAB-4EEF-AD93-4382683B4A8E}.Release|Any CPU.ActiveCfg = Release|Any CPU
		{D04BD10E-EBAB-4EEF-AD93-4382683B4A8E}.Release|Any CPU.Build.0 = Release|Any CPU
	EndGlobalSection
	GlobalSection(SolutionProperties) = preSolution
		HideSolutionNode = FALSE
	EndGlobalSection
	GlobalSection(ExtensibilityGlobals) = postSolution
		SolutionGuid = {81D161D6-E823-4558-955B-1F5F2B750D73}
	EndGlobalSection
EndGlobal
